
Microsoft Visual Studio Solution File, Format Version 12.00
# Visual Studio Version 17
VisualStudioVersion = 17.11.35312.102
MinimumVisualStudioVersion = 10.0.40219.1
Project("{FAE04EC0-301F-11D3-BF4B-00C04F79EFBC}") = "CompraNavigationPage", "CompraNavigationPage\CompraNavigationPage.csproj", "{1996D274-E996-4632-A023-07B7030F028D}"
EndProject
Global
	GlobalSection(SolutionConfigurationPlatforms) = preSolution
		Debug|Any CPU = Debug|Any CPU
		Release|Any CPU = Release|Any CPU
	EndGlobalSection
	GlobalSection(ProjectConfigurationPlatforms) = postSolution
		{1996D274-E996-4632-A023-07B7030F028D}.Debug|Any CPU.ActiveCfg = Debug|Any CPU
		{1996D274-E996-4632-A023-07B7030F028D}.Debug|Any CPU.Build.0 = Debug|Any CPU
		{1996D274-E996-4632-A023-07B7030F028D}.Debug|Any CPU.Deploy.0 = Debug|Any CPU
		{1996D274-E996-4632-A023-07B7030F028D}.Release|Any CPU.ActiveCfg = Release|Any CPU
		{1996D274-E996-4632-A023-07B7030F028D}.Release|Any CPU.Build.0 = Release|Any CPU
		{1996D274-E996-4632-A023-07B7030F028D}.Release|Any CPU.Deploy.0 = Release|Any CPU
	EndGlobalSection
	GlobalSection(SolutionProperties) = preSolution
		HideSolutionNode = FALSE
	EndGlobalSection
	GlobalSection(ExtensibilityGlobals) = postSolution
		SolutionGuid = {6815D191-4338-466A-AAAB-6D25DBB1619A}
	EndGlobalSection
EndGlobal
